
Microsoft Visual Studio Solution File, Format Version 12.00
# Visual Studio Version 17
VisualStudioVersion = 17.9.34701.34
MinimumVisualStudioVersion = 10.0.40219.1
Project("{FAE04EC0-301F-11D3-BF4B-00C04F79EFBC}") = "AppVuelosCRWeb", "AppVuelosCRWeb\AppVuelosCRWeb.csproj", "{10D9551B-A9E6-441C-B96A-105F5A301389}"
EndProject
Global
	GlobalSection(SolutionConfigurationPlatforms) = preSolution
		Debug|Any CPU = Debug|Any CPU
		Release|Any CPU = Release|Any CPU
	EndGlobalSection
	GlobalSection(ProjectConfigurationPlatforms) = postSolution
		{10D9551B-A9E6-441C-B96A-105F5A301389}.Debug|Any CPU.ActiveCfg = Debug|Any CPU
		{10D9551B-A9E6-441C-B96A-105F5A301389}.Debug|Any CPU.Build.0 = Debug|Any CPU
		{10D9551B-A9E6-441C-B96A-105F5A301389}.Release|Any CPU.ActiveCfg = Release|Any CPU
		{10D9551B-A9E6-441C-B96A-105F5A301389}.Release|Any CPU.Build.0 = Release|Any CPU
	EndGlobalSection
	GlobalSection(SolutionProperties) = preSolution
		HideSolutionNode = FALSE
	EndGlobalSection
	GlobalSection(ExtensibilityGlobals) = postSolution
		SolutionGuid = {9E9682A4-0D5D-4E33-ACEB-5B512ACA2B20}
	EndGlobalSection
EndGlobal
