
Microsoft Visual Studio Solution File, Format Version 12.00
# Visual Studio Version 17
VisualStudioVersion = 17.9.34728.123
MinimumVisualStudioVersion = 10.0.40219.1
Project("{FAE04EC0-301F-11D3-BF4B-00C04F79EFBC}") = "VuelosCR.SA", "VuelosCR.SA\VuelosCR.SA.csproj", "{9639AAAE-3EBF-41F1-ADD6-960F2E7EA457}"
EndProject
Project("{FAE04EC0-301F-11D3-BF4B-00C04F79EFBC}") = "DAL", "DAL\DAL.csproj", "{7EE17FE7-2DE3-4A3C-82AB-4C152BBBA241}"
EndProject
Project("{FAE04EC0-301F-11D3-BF4B-00C04F79EFBC}") = "BLL", "BLL\BLL.csproj", "{3899B803-FA66-4311-8572-CC6B41E86884}"
EndProject
Global
	GlobalSection(SolutionConfigurationPlatforms) = preSolution
		Debug|Any CPU = Debug|Any CPU
		Release|Any CPU = Release|Any CPU
	EndGlobalSection
	GlobalSection(ProjectConfigurationPlatforms) = postSolution
		{9639AAAE-3EBF-41F1-ADD6-960F2E7EA457}.Debug|Any CPU.ActiveCfg = Debug|Any CPU
		{9639AAAE-3EBF-41F1-ADD6-960F2E7EA457}.Debug|Any CPU.Build.0 = Debug|Any CPU
		{9639AAAE-3EBF-41F1-ADD6-960F2E7EA457}.Release|Any CPU.ActiveCfg = Release|Any CPU
		{9639AAAE-3EBF-41F1-ADD6-960F2E7EA457}.Release|Any CPU.Build.0 = Release|Any CPU
		{7EE17FE7-2DE3-4A3C-82AB-4C152BBBA241}.Debug|Any CPU.ActiveCfg = Debug|Any CPU
		{7EE17FE7-2DE3-4A3C-82AB-4C152BBBA241}.Debug|Any CPU.Build.0 = Debug|Any CPU
		{7EE17FE7-2DE3-4A3C-82AB-4C152BBBA241}.Release|Any CPU.ActiveCfg = Release|Any CPU
		{7EE17FE7-2DE3-4A3C-82AB-4C152BBBA241}.Release|Any CPU.Build.0 = Release|Any CPU
		{3899B803-FA66-4311-8572-CC6B41E86884}.Debug|Any CPU.ActiveCfg = Debug|Any CPU
		{3899B803-FA66-4311-8572-CC6B41E86884}.Debug|Any CPU.Build.0 = Debug|Any CPU
		{3899B803-FA66-4311-8572-CC6B41E86884}.Release|Any CPU.ActiveCfg = Release|Any CPU
		{3899B803-FA66-4311-8572-CC6B41E86884}.Release|Any CPU.Build.0 = Release|Any CPU
	EndGlobalSection
	GlobalSection(SolutionProperties) = preSolution
		HideSolutionNode = FALSE
	EndGlobalSection
	GlobalSection(ExtensibilityGlobals) = postSolution
		SolutionGuid = {A6215D9B-D86A-44AD-ADFB-0F54B20A5A49}
	EndGlobalSection
EndGlobal
